// !$*UTF8*$!
{
	archiveVersion = 1;
	classes = {
	};
	objectVersion = 48;
	objects = {

/* Begin PBXBuildFile section */
		1C0E1A141FECD49D00AA4D72 /* AddUniversityViewController.swift in Sources */ = {isa = PBXBuildFile; fileRef = 1C0E1A131FECD49D00AA4D72 /* AddUniversityViewController.swift */; };
		1C0E1A161FECD83300AA4D72 /* DisplayUniversitiesViewController.swift in Sources */ = {isa = PBXBuildFile; fileRef = 1C0E1A151FECD83300AA4D72 /* DisplayUniversitiesViewController.swift */; };
		1C0E1A191FECDACC00AA4D72 /* CoreDataFetchRequestAbstraction.swift in Sources */ = {isa = PBXBuildFile; fileRef = 1C0E1A181FECDACC00AA4D72 /* CoreDataFetchRequestAbstraction.swift */; };
		1C4FAF581FE234F400CDD951 /* AppDelegate.swift in Sources */ = {isa = PBXBuildFile; fileRef = 1C4FAF571FE234F400CDD951 /* AppDelegate.swift */; };
		1C4FAF5A1FE234F400CDD951 /* ViewController.swift in Sources */ = {isa = PBXBuildFile; fileRef = 1C4FAF591FE234F400CDD951 /* ViewController.swift */; };
		1C4FAF5D1FE234F400CDD951 /* Main.storyboard in Resources */ = {isa = PBXBuildFile; fileRef = 1C4FAF5B1FE234F400CDD951 /* Main.storyboard */; };
		1C4FAF601FE234F400CDD951 /* Study_Groups.xcdatamodeld in Sources */ = {isa = PBXBuildFile; fileRef = 1C4FAF5E1FE234F400CDD951 /* Study_Groups.xcdatamodeld */; };
		1C4FAF621FE234F400CDD951 /* Assets.xcassets in Resources */ = {isa = PBXBuildFile; fileRef = 1C4FAF611FE234F400CDD951 /* Assets.xcassets */; };
		1C4FAF651FE234F400CDD951 /* LaunchScreen.storyboard in Resources */ = {isa = PBXBuildFile; fileRef = 1C4FAF631FE234F400CDD951 /* LaunchScreen.storyboard */; };
		1C4FAF6D1FE239C200CDD951 /* TableViewAbstraction.swift in Sources */ = {isa = PBXBuildFile; fileRef = 1C4FAF6C1FE239C200CDD951 /* TableViewAbstraction.swift */; };
		1C4FAF6F1FE23B7B00CDD951 /* CoreDataStack.swift in Sources */ = {isa = PBXBuildFile; fileRef = 1C4FAF6E1FE23B7B00CDD951 /* CoreDataStack.swift */; };
		1CA88EAB1FED3E7A008091C9 /* DisplayStudyGroups.swift in Sources */ = {isa = PBXBuildFile; fileRef = 1CA88EAA1FED3E7A008091C9 /* DisplayStudyGroups.swift */; };
		1CA88EAD1FEDA272008091C9 /* AddStudyGroupViewController.swift in Sources */ = {isa = PBXBuildFile; fileRef = 1CA88EAC1FEDA272008091C9 /* AddStudyGroupViewController.swift */; };
		1CA88EAF1FEDB52D008091C9 /* ComposeEmailViewController.swift in Sources */ = {isa = PBXBuildFile; fileRef = 1CA88EAE1FEDB52D008091C9 /* ComposeEmailViewController.swift */; };
		1CF8658B1FFB541300E2354B /* UniversityModelingLayer.swift in Sources */ = {isa = PBXBuildFile; fileRef = 1CF8658A1FFB541300E2354B /* UniversityModelingLayer.swift */; };
		E262A9F4FE825D0ABAF50883 /* Pods_Study_Groups.framework in Frameworks */ = {isa = PBXBuildFile; fileRef = 91B3CBEC55909987D86A3F5C /* Pods_Study_Groups.framework */; };
/* End PBXBuildFile section */

/* Begin PBXFileReference section */
		1C0E1A131FECD49D00AA4D72 /* AddUniversityViewController.swift */ = {isa = PBXFileReference; lastKnownFileType = sourcecode.swift; path = AddUniversityViewController.swift; sourceTree = "<group>"; };
		1C0E1A151FECD83300AA4D72 /* DisplayUniversitiesViewController.swift */ = {isa = PBXFileReference; lastKnownFileType = sourcecode.swift; path = DisplayUniversitiesViewController.swift; sourceTree = "<group>"; };
		1C0E1A181FECDACC00AA4D72 /* CoreDataFetchRequestAbstraction.swift */ = {isa = PBXFileReference; lastKnownFileType = sourcecode.swift; path = CoreDataFetchRequestAbstraction.swift; sourceTree = "<group>"; };
		1C4FAF541FE234F400CDD951 /* Study-Groups.app */ = {isa = PBXFileReference; explicitFileType = wrapper.application; includeInIndex = 0; path = "Study-Groups.app"; sourceTree = BUILT_PRODUCTS_DIR; };
		1C4FAF571FE234F400CDD951 /* AppDelegate.swift */ = {isa = PBXFileReference; lastKnownFileType = sourcecode.swift; path = AppDelegate.swift; sourceTree = "<group>"; };
		1C4FAF591FE234F400CDD951 /* ViewController.swift */ = {isa = PBXFileReference; lastKnownFileType = sourcecode.swift; path = ViewController.swift; sourceTree = "<group>"; };
		1C4FAF5C1FE234F400CDD951 /* Base */ = {isa = PBXFileReference; lastKnownFileType = file.storyboard; name = Base; path = Base.lproj/Main.storyboard; sourceTree = "<group>"; };
		1C4FAF5F1FE234F400CDD951 /* Study_Groups.xcdatamodel */ = {isa = PBXFileReference; lastKnownFileType = wrapper.xcdatamodel; path = Study_Groups.xcdatamodel; sourceTree = "<group>"; };
		1C4FAF611FE234F400CDD951 /* Assets.xcassets */ = {isa = PBXFileReference; lastKnownFileType = folder.assetcatalog; path = Assets.xcassets; sourceTree = "<group>"; };
		1C4FAF641FE234F400CDD951 /* Base */ = {isa = PBXFileReference; lastKnownFileType = file.storyboard; name = Base; path = Base.lproj/LaunchScreen.storyboard; sourceTree = "<group>"; };
		1C4FAF661FE234F400CDD951 /* Info.plist */ = {isa = PBXFileReference; lastKnownFileType = text.plist.xml; path = Info.plist; sourceTree = "<group>"; };
		1C4FAF6C1FE239C200CDD951 /* TableViewAbstraction.swift */ = {isa = PBXFileReference; lastKnownFileType = sourcecode.swift; path = TableViewAbstraction.swift; sourceTree = "<group>"; };
		1C4FAF6E1FE23B7B00CDD951 /* CoreDataStack.swift */ = {isa = PBXFileReference; lastKnownFileType = sourcecode.swift; path = CoreDataStack.swift; sourceTree = "<group>"; };
		1CA88EAA1FED3E7A008091C9 /* DisplayStudyGroups.swift */ = {isa = PBXFileReference; lastKnownFileType = sourcecode.swift; path = DisplayStudyGroups.swift; sourceTree = "<group>"; };
		1CA88EAC1FEDA272008091C9 /* AddStudyGroupViewController.swift */ = {isa = PBXFileReference; lastKnownFileType = sourcecode.swift; path = AddStudyGroupViewController.swift; sourceTree = "<group>"; };
		1CA88EAE1FEDB52D008091C9 /* ComposeEmailViewController.swift */ = {isa = PBXFileReference; lastKnownFileType = sourcecode.swift; path = ComposeEmailViewController.swift; sourceTree = "<group>"; };
		1CF8658A1FFB541300E2354B /* UniversityModelingLayer.swift */ = {isa = PBXFileReference; lastKnownFileType = sourcecode.swift; path = UniversityModelingLayer.swift; sourceTree = "<group>"; };
		48F1E5A86A0C05B8FF7256D6 /* Pods-Study-Groups.release.xcconfig */ = {isa = PBXFileReference; includeInIndex = 1; lastKnownFileType = text.xcconfig; name = "Pods-Study-Groups.release.xcconfig"; path = "Pods/Target Support Files/Pods-Study-Groups/Pods-Study-Groups.release.xcconfig"; sourceTree = "<group>"; };
		5FCEAF9FDE7187BD659E1DDC /* Pods-Study-Groups.debug.xcconfig */ = {isa = PBXFileReference; includeInIndex = 1; lastKnownFileType = text.xcconfig; name = "Pods-Study-Groups.debug.xcconfig"; path = "Pods/Target Support Files/Pods-Study-Groups/Pods-Study-Groups.debug.xcconfig"; sourceTree = "<group>"; };
		91B3CBEC55909987D86A3F5C /* Pods_Study_Groups.framework */ = {isa = PBXFileReference; explicitFileType = wrapper.framework; includeInIndex = 0; path = Pods_Study_Groups.framework; sourceTree = BUILT_PRODUCTS_DIR; };
/* End PBXFileReference section */

/* Begin PBXFrameworksBuildPhase section */
		1C4FAF511FE234F400CDD951 /* Frameworks */ = {
			isa = PBXFrameworksBuildPhase;
			buildActionMask = 2147483647;
			files = (
				E262A9F4FE825D0ABAF50883 /* Pods_Study_Groups.framework in Frameworks */,
			);
			runOnlyForDeploymentPostprocessing = 0;
		};
/* End PBXFrameworksBuildPhase section */

/* Begin PBXGroup section */
		1C0E1A171FECDAAD00AA4D72 /* Helpers */ = {
			isa = PBXGroup;
			children = (
				1C0E1A181FECDACC00AA4D72 /* CoreDataFetchRequestAbstraction.swift */,
			);
			path = Helpers;
			sourceTree = "<group>";
		};
		1C4FAF4B1FE234F400CDD951 = {
			isa = PBXGroup;
			children = (
				1CF865891FFB53FA00E2354B /* Networking */,
				1C0E1A171FECDAAD00AA4D72 /* Helpers */,
				1C4FAF561FE234F400CDD951 /* Study-Groups */,
				1C4FAF551FE234F400CDD951 /* Products */,
				760472CBB6EC7CDAF41F00D1 /* Pods */,
				9737C5082C12931FA499BEB8 /* Frameworks */,
			);
			sourceTree = "<group>";
		};
		1C4FAF551FE234F400CDD951 /* Products */ = {
			isa = PBXGroup;
			children = (
				1C4FAF541FE234F400CDD951 /* Study-Groups.app */,
			);
			name = Products;
			sourceTree = "<group>";
		};
		1C4FAF561FE234F400CDD951 /* Study-Groups */ = {
			isa = PBXGroup;
			children = (
				1C4FAF571FE234F400CDD951 /* AppDelegate.swift */,
				1C4FAF591FE234F400CDD951 /* ViewController.swift */,
				1C4FAF5B1FE234F400CDD951 /* Main.storyboard */,
				1C4FAF611FE234F400CDD951 /* Assets.xcassets */,
				1C4FAF631FE234F400CDD951 /* LaunchScreen.storyboard */,
				1C4FAF661FE234F400CDD951 /* Info.plist */,
				1C4FAF5E1FE234F400CDD951 /* Study_Groups.xcdatamodeld */,
				1C4FAF6C1FE239C200CDD951 /* TableViewAbstraction.swift */,
				1C4FAF6E1FE23B7B00CDD951 /* CoreDataStack.swift */,
				1C0E1A131FECD49D00AA4D72 /* AddUniversityViewController.swift */,
				1C0E1A151FECD83300AA4D72 /* DisplayUniversitiesViewController.swift */,
				1CA88EAA1FED3E7A008091C9 /* DisplayStudyGroups.swift */,
				1CA88EAC1FEDA272008091C9 /* AddStudyGroupViewController.swift */,
				1CA88EAE1FEDB52D008091C9 /* ComposeEmailViewController.swift */,
			);
			path = "Study-Groups";
			sourceTree = "<group>";
		};
		1CF865891FFB53FA00E2354B /* Networking */ = {
			isa = PBXGroup;
			children = (
				1CF8658A1FFB541300E2354B /* UniversityModelingLayer.swift */,
			);
			path = Networking;
			sourceTree = "<group>";
		};
		760472CBB6EC7CDAF41F00D1 /* Pods */ = {
			isa = PBXGroup;
			children = (
				5FCEAF9FDE7187BD659E1DDC /* Pods-Study-Groups.debug.xcconfig */,
				48F1E5A86A0C05B8FF7256D6 /* Pods-Study-Groups.release.xcconfig */,
			);
			name = Pods;
			sourceTree = "<group>";
		};
		9737C5082C12931FA499BEB8 /* Frameworks */ = {
			isa = PBXGroup;
			children = (
				91B3CBEC55909987D86A3F5C /* Pods_Study_Groups.framework */,
			);
			name = Frameworks;
			sourceTree = "<group>";
		};
/* End PBXGroup section */

/* Begin PBXNativeTarget section */
		1C4FAF531FE234F400CDD951 /* Study-Groups */ = {
			isa = PBXNativeTarget;
			buildConfigurationList = 1C4FAF691FE234F400CDD951 /* Build configuration list for PBXNativeTarget "Study-Groups" */;
			buildPhases = (
				D39958CE6BB559B0601A9BC5 /* [CP] Check Pods Manifest.lock */,
				1C4FAF501FE234F400CDD951 /* Sources */,
				1C4FAF511FE234F400CDD951 /* Frameworks */,
				1C4FAF521FE234F400CDD951 /* Resources */,
				8164564A6C34CCEF31A892CA /* [CP] Embed Pods Frameworks */,
				0F992A91F1C34509F9926D8D /* [CP] Copy Pods Resources */,
				1C4FAF701FE23D0100CDD951 /* ShellScript */,
			);
			buildRules = (
			);
			dependencies = (
			);
			name = "Study-Groups";
			productName = "Study-Groups";
			productReference = 1C4FAF541FE234F400CDD951 /* Study-Groups.app */;
			productType = "com.apple.product-type.application";
		};
/* End PBXNativeTarget section */

/* Begin PBXProject section */
		1C4FAF4C1FE234F400CDD951 /* Project object */ = {
			isa = PBXProject;
			attributes = {
				LastSwiftUpdateCheck = 0920;
				LastUpgradeCheck = 0920;
				ORGANIZATIONNAME = "Matthew Harrilal";
				TargetAttributes = {
					1C4FAF531FE234F400CDD951 = {
						CreatedOnToolsVersion = 9.2;
						ProvisioningStyle = Automatic;
					};
				};
			};
			buildConfigurationList = 1C4FAF4F1FE234F400CDD951 /* Build configuration list for PBXProject "Study-Groups" */;
			compatibilityVersion = "Xcode 8.0";
			developmentRegion = en;
			hasScannedForEncodings = 0;
			knownRegions = (
				en,
				Base,
			);
			mainGroup = 1C4FAF4B1FE234F400CDD951;
			productRefGroup = 1C4FAF551FE234F400CDD951 /* Products */;
			projectDirPath = "";
			projectRoot = "";
			targets = (
				1C4FAF531FE234F400CDD951 /* Study-Groups */,
			);
		};
/* End PBXProject section */

/* Begin PBXResourcesBuildPhase section */
		1C4FAF521FE234F400CDD951 /* Resources */ = {
			isa = PBXResourcesBuildPhase;
			buildActionMask = 2147483647;
			files = (
				1C4FAF651FE234F400CDD951 /* LaunchScreen.storyboard in Resources */,
				1C4FAF621FE234F400CDD951 /* Assets.xcassets in Resources */,
				1C4FAF5D1FE234F400CDD951 /* Main.storyboard in Resources */,
			);
			runOnlyForDeploymentPostprocessing = 0;
		};
/* End PBXResourcesBuildPhase section */

/* Begin PBXShellScriptBuildPhase section */
		0F992A91F1C34509F9926D8D /* [CP] Copy Pods Resources */ = {
			isa = PBXShellScriptBuildPhase;
			buildActionMask = 2147483647;
			files = (
			);
			inputPaths = (
			);
			name = "[CP] Copy Pods Resources";
			outputPaths = (
			);
			runOnlyForDeploymentPostprocessing = 0;
			shellPath = /bin/sh;
			shellScript = "\"${SRCROOT}/Pods/Target Support Files/Pods-Study-Groups/Pods-Study-Groups-resources.sh\"\n";
			showEnvVarsInLog = 0;
		};
		1C4FAF701FE23D0100CDD951 /* ShellScript */ = {
			isa = PBXShellScriptBuildPhase;
			buildActionMask = 8;
			files = (
			);
			inputPaths = (
			);
			outputPaths = (
			);
			runOnlyForDeploymentPostprocessing = 1;
			shellPath = /bin/sh;
			shellScript = "${SRCROOT}/Pods/SwiftLinter/swift-lint.sh";
		};
		8164564A6C34CCEF31A892CA /* [CP] Embed Pods Frameworks */ = {
			isa = PBXShellScriptBuildPhase;
			buildActionMask = 2147483647;
			files = (
			);
			inputPaths = (
				"${SRCROOT}/Pods/Target Support Files/Pods-Study-Groups/Pods-Study-Groups-frameworks.sh",
				"${BUILT_PRODUCTS_DIR}/Alamofire/Alamofire.framework",
				"${BUILT_PRODUCTS_DIR}/Moya/Moya.framework",
				"${BUILT_PRODUCTS_DIR}/Result/Result.framework",
			);
			name = "[CP] Embed Pods Frameworks";
			outputPaths = (
				"${TARGET_BUILD_DIR}/${FRAMEWORKS_FOLDER_PATH}/Alamofire.framework",
				"${TARGET_BUILD_DIR}/${FRAMEWORKS_FOLDER_PATH}/Moya.framework",
				"${TARGET_BUILD_DIR}/${FRAMEWORKS_FOLDER_PATH}/Result.framework",
			);
			runOnlyForDeploymentPostprocessing = 0;
			shellPath = /bin/sh;
			shellScript = "\"${SRCROOT}/Pods/Target Support Files/Pods-Study-Groups/Pods-Study-Groups-frameworks.sh\"\n";
			showEnvVarsInLog = 0;
		};
		D39958CE6BB559B0601A9BC5 /* [CP] Check Pods Manifest.lock */ = {
			isa = PBXShellScriptBuildPhase;
			buildActionMask = 2147483647;
			files = (
			);
			inputPaths = (
				"${PODS_PODFILE_DIR_PATH}/Podfile.lock",
				"${PODS_ROOT}/Manifest.lock",
			);
			name = "[CP] Check Pods Manifest.lock";
			outputPaths = (
				"$(DERIVED_FILE_DIR)/Pods-Study-Groups-checkManifestLockResult.txt",
			);
			runOnlyForDeploymentPostprocessing = 0;
			shellPath = /bin/sh;
			shellScript = "diff \"${PODS_PODFILE_DIR_PATH}/Podfile.lock\" \"${PODS_ROOT}/Manifest.lock\" > /dev/null\nif [ $? != 0 ] ; then\n    # print error to STDERR\n    echo \"error: The sandbox is not in sync with the Podfile.lock. Run 'pod install' or update your CocoaPods installation.\" >&2\n    exit 1\nfi\n# This output is used by Xcode 'outputs' to avoid re-running this script phase.\necho \"SUCCESS\" > \"${SCRIPT_OUTPUT_FILE_0}\"\n";
			showEnvVarsInLog = 0;
		};
/* End PBXShellScriptBuildPhase section */

/* Begin PBXSourcesBuildPhase section */
		1C4FAF501FE234F400CDD951 /* Sources */ = {
			isa = PBXSourcesBuildPhase;
			buildActionMask = 2147483647;
			files = (
				1C0E1A191FECDACC00AA4D72 /* CoreDataFetchRequestAbstraction.swift in Sources */,
				1CA88EAB1FED3E7A008091C9 /* DisplayStudyGroups.swift in Sources */,
				1CF8658B1FFB541300E2354B /* UniversityModelingLayer.swift in Sources */,
				1C0E1A141FECD49D00AA4D72 /* AddUniversityViewController.swift in Sources */,
				1C4FAF6F1FE23B7B00CDD951 /* CoreDataStack.swift in Sources */,
				1CA88EAF1FEDB52D008091C9 /* ComposeEmailViewController.swift in Sources */,
				1CA88EAD1FEDA272008091C9 /* AddStudyGroupViewController.swift in Sources */,
				1C4FAF5A1FE234F400CDD951 /* ViewController.swift in Sources */,
				1C4FAF601FE234F400CDD951 /* Study_Groups.xcdatamodeld in Sources */,
				1C0E1A161FECD83300AA4D72 /* DisplayUniversitiesViewController.swift in Sources */,
				1C4FAF6D1FE239C200CDD951 /* TableViewAbstraction.swift in Sources */,
				1C4FAF581FE234F400CDD951 /* AppDelegate.swift in Sources */,
			);
			runOnlyForDeploymentPostprocessing = 0;
		};
/* End PBXSourcesBuildPhase section */

/* Begin PBXVariantGroup section */
		1C4FAF5B1FE234F400CDD951 /* Main.storyboard */ = {
			isa = PBXVariantGroup;
			children = (
				1C4FAF5C1FE234F400CDD951 /* Base */,
			);
			name = Main.storyboard;
			sourceTree = "<group>";
		};
		1C4FAF631FE234F400CDD951 /* LaunchScreen.storyboard */ = {
			isa = PBXVariantGroup;
			children = (
				1C4FAF641FE234F400CDD951 /* Base */,
			);
			name = LaunchScreen.storyboard;
			sourceTree = "<group>";
		};
/* End PBXVariantGroup section */

/* Begin XCBuildConfiguration section */
		1C4FAF671FE234F400CDD951 /* Debug */ = {
			isa = XCBuildConfiguration;
			buildSettings = {
				ALWAYS_SEARCH_USER_PATHS = NO;
				CLANG_ANALYZER_NONNULL = YES;
				CLANG_ANALYZER_NUMBER_OBJECT_CONVERSION = YES_AGGRESSIVE;
				CLANG_CXX_LANGUAGE_STANDARD = "gnu++14";
				CLANG_CXX_LIBRARY = "libc++";
				CLANG_ENABLE_MODULES = YES;
				CLANG_ENABLE_OBJC_ARC = YES;
				CLANG_WARN_BLOCK_CAPTURE_AUTORELEASING = YES;
				CLANG_WARN_BOOL_CONVERSION = YES;
				CLANG_WARN_COMMA = YES;
				CLANG_WARN_CONSTANT_CONVERSION = YES;
				CLANG_WARN_DIRECT_OBJC_ISA_USAGE = YES_ERROR;
				CLANG_WARN_DOCUMENTATION_COMMENTS = YES;
				CLANG_WARN_EMPTY_BODY = YES;
				CLANG_WARN_ENUM_CONVERSION = YES;
				CLANG_WARN_INFINITE_RECURSION = YES;
				CLANG_WARN_INT_CONVERSION = YES;
				CLANG_WARN_NON_LITERAL_NULL_CONVERSION = YES;
				CLANG_WARN_OBJC_LITERAL_CONVERSION = YES;
				CLANG_WARN_OBJC_ROOT_CLASS = YES_ERROR;
				CLANG_WARN_RANGE_LOOP_ANALYSIS = YES;
				CLANG_WARN_STRICT_PROTOTYPES = YES;
				CLANG_WARN_SUSPICIOUS_MOVE = YES;
				CLANG_WARN_UNGUARDED_AVAILABILITY = YES_AGGRESSIVE;
				CLANG_WARN_UNREACHABLE_CODE = YES;
				CLANG_WARN__DUPLICATE_METHOD_MATCH = YES;
				CODE_SIGN_IDENTITY = "iPhone Developer";
				COPY_PHASE_STRIP = NO;
				DEBUG_INFORMATION_FORMAT = dwarf;
				ENABLE_STRICT_OBJC_MSGSEND = YES;
				ENABLE_TESTABILITY = YES;
				GCC_C_LANGUAGE_STANDARD = gnu11;
				GCC_DYNAMIC_NO_PIC = NO;
				GCC_NO_COMMON_BLOCKS = YES;
				GCC_OPTIMIZATION_LEVEL = 0;
				GCC_PREPROCESSOR_DEFINITIONS = (
					"DEBUG=1",
					"$(inherited)",
				);
				GCC_WARN_64_TO_32_BIT_CONVERSION = YES;
				GCC_WARN_ABOUT_RETURN_TYPE = YES_ERROR;
				GCC_WARN_UNDECLARED_SELECTOR = YES;
				GCC_WARN_UNINITIALIZED_AUTOS = YES_AGGRESSIVE;
				GCC_WARN_UNUSED_FUNCTION = YES;
				GCC_WARN_UNUSED_VARIABLE = YES;
				IPHONEOS_DEPLOYMENT_TARGET = 11.2;
				MTL_ENABLE_DEBUG_INFO = YES;
				ONLY_ACTIVE_ARCH = YES;
				SDKROOT = iphoneos;
				SWIFT_ACTIVE_COMPILATION_CONDITIONS = DEBUG;
				SWIFT_OPTIMIZATION_LEVEL = "-Onone";
			};
			name = Debug;
		};
		1C4FAF681FE234F400CDD951 /* Release */ = {
			isa = XCBuildConfiguration;
			buildSettings = {
				ALWAYS_SEARCH_USER_PATHS = NO;
				CLANG_ANALYZER_NONNULL = YES;
				CLANG_ANALYZER_NUMBER_OBJECT_CONVERSION = YES_AGGRESSIVE;
				CLANG_CXX_LANGUAGE_STANDARD = "gnu++14";
				CLANG_CXX_LIBRARY = "libc++";
				CLANG_ENABLE_MODULES = YES;
				CLANG_ENABLE_OBJC_ARC = YES;
				CLANG_WARN_BLOCK_CAPTURE_AUTORELEASING = YES;
				CLANG_WARN_BOOL_CONVERSION = YES;
				CLANG_WARN_COMMA = YES;
				CLANG_WARN_CONSTANT_CONVERSION = YES;
				CLANG_WARN_DIRECT_OBJC_ISA_USAGE = YES_ERROR;
				CLANG_WARN_DOCUMENTATION_COMMENTS = YES;
				CLANG_WARN_EMPTY_BODY = YES;
				CLANG_WARN_ENUM_CONVERSION = YES;
				CLANG_WARN_INFINITE_RECURSION = YES;
				CLANG_WARN_INT_CONVERSION = YES;
				CLANG_WARN_NON_LITERAL_NULL_CONVERSION = YES;
				CLANG_WARN_OBJC_LITERAL_CONVERSION = YES;
				CLANG_WARN_OBJC_ROOT_CLASS = YES_ERROR;
				CLANG_WARN_RANGE_LOOP_ANALYSIS = YES;
				CLANG_WARN_STRICT_PROTOTYPES = YES;
				CLANG_WARN_SUSPICIOUS_MOVE = YES;
				CLANG_WARN_UNGUARDED_AVAILABILITY = YES_AGGRESSIVE;
				CLANG_WARN_UNREACHABLE_CODE = YES;
				CLANG_WARN__DUPLICATE_METHOD_MATCH = YES;
				CODE_SIGN_IDENTITY = "iPhone Developer";
				COPY_PHASE_STRIP = NO;
				DEBUG_INFORMATION_FORMAT = "dwarf-with-dsym";
				ENABLE_NS_ASSERTIONS = NO;
				ENABLE_STRICT_OBJC_MSGSEND = YES;
				GCC_C_LANGUAGE_STANDARD = gnu11;
				GCC_NO_COMMON_BLOCKS = YES;
				GCC_WARN_64_TO_32_BIT_CONVERSION = YES;
				GCC_WARN_ABOUT_RETURN_TYPE = YES_ERROR;
				GCC_WARN_UNDECLARED_SELECTOR = YES;
				GCC_WARN_UNINITIALIZED_AUTOS = YES_AGGRESSIVE;
				GCC_WARN_UNUSED_FUNCTION = YES;
				GCC_WARN_UNUSED_VARIABLE = YES;
				IPHONEOS_DEPLOYMENT_TARGET = 11.2;
				MTL_ENABLE_DEBUG_INFO = NO;
				SDKROOT = iphoneos;
				SWIFT_OPTIMIZATION_LEVEL = "-Owholemodule";
				VALIDATE_PRODUCT = YES;
			};
			name = Release;
		};
		1C4FAF6A1FE234F400CDD951 /* Debug */ = {
			isa = XCBuildConfiguration;
			baseConfigurationReference = 5FCEAF9FDE7187BD659E1DDC /* Pods-Study-Groups.debug.xcconfig */;
			buildSettings = {
				ASSETCATALOG_COMPILER_APPICON_NAME = AppIcon;
				CODE_SIGN_STYLE = Automatic;
				DEVELOPMENT_TEAM = R4WEEFNVWZ;
				INFOPLIST_FILE = "Study-Groups/Info.plist";
				IPHONEOS_DEPLOYMENT_TARGET = 11.0;
				LD_RUNPATH_SEARCH_PATHS = "$(inherited) @executable_path/Frameworks";
				PRODUCT_BUNDLE_IDENTIFIER = "m.Study-Groups";
				PRODUCT_NAME = "$(TARGET_NAME)";
				SWIFT_VERSION = 4.0;
				TARGETED_DEVICE_FAMILY = "1,2";
			};
			name = Debug;
		};
		1C4FAF6B1FE234F400CDD951 /* Release */ = {
			isa = XCBuildConfiguration;
			baseConfigurationReference = 48F1E5A86A0C05B8FF7256D6 /* Pods-Study-Groups.release.xcconfig */;
			buildSettings = {
				ASSETCATALOG_COMPILER_APPICON_NAME = AppIcon;
				CODE_SIGN_STYLE = Automatic;
				DEVELOPMENT_TEAM = R4WEEFNVWZ;
				INFOPLIST_FILE = "Study-Groups/Info.plist";
				IPHONEOS_DEPLOYMENT_TARGET = 11.0;
				LD_RUNPATH_SEARCH_PATHS = "$(inherited) @executable_path/Frameworks";
				PRODUCT_BUNDLE_IDENTIFIER = "m.Study-Groups";
				PRODUCT_NAME = "$(TARGET_NAME)";
				SWIFT_VERSION = 4.0;
				TARGETED_DEVICE_FAMILY = "1,2";
			};
			name = Release;
		};
/* End XCBuildConfiguration section */

/* Begin XCConfigurationList section */
		1C4FAF4F1FE234F400CDD951 /* Build configuration list for PBXProject "Study-Groups" */ = {
			isa = XCConfigurationList;
			buildConfigurations = (
				1C4FAF671FE234F400CDD951 /* Debug */,
				1C4FAF681FE234F400CDD951 /* Release */,
			);
			defaultConfigurationIsVisible = 0;
			defaultConfigurationName = Release;
		};
		1C4FAF691FE234F400CDD951 /* Build configuration list for PBXNativeTarget "Study-Groups" */ = {
			isa = XCConfigurationList;
			buildConfigurations = (
				1C4FAF6A1FE234F400CDD951 /* Debug */,
				1C4FAF6B1FE234F400CDD951 /* Release */,
			);
			defaultConfigurationIsVisible = 0;
			defaultConfigurationName = Release;
		};
/* End XCConfigurationList section */

/* Begin XCVersionGroup section */
		1C4FAF5E1FE234F400CDD951 /* Study_Groups.xcdatamodeld */ = {
			isa = XCVersionGroup;
			children = (
				1C4FAF5F1FE234F400CDD951 /* Study_Groups.xcdatamodel */,
			);
			currentVersion = 1C4FAF5F1FE234F400CDD951 /* Study_Groups.xcdatamodel */;
			path = Study_Groups.xcdatamodeld;
			sourceTree = "<group>";
			versionGroupType = wrapper.xcdatamodel;
		};
/* End XCVersionGroup section */
	};
	rootObject = 1C4FAF4C1FE234F400CDD951 /* Project object */;
}
